// !$*UTF8*$!
{
	archiveVersion = 1;
	classes = {
	};
	objectVersion = 63;
	objects = {

/* Begin PBXBuildFile section */
		0017FE982E5BE29600DF2FC5 /* GamePersistence.swift in Sources */ = {isa = PBXBuildFile; fileRef = 0017FE972E5BE28C00DF2FC5 /* GamePersistence.swift */; };
		0017FE9A2E5C84BE00DF2FC5 /* BancoDeDados.tsv in Resources */ = {isa = PBXBuildFile; fileRef = 0017FE992E5C84BE00DF2FC5 /* BancoDeDados.tsv */; };
		1647A94E9B772EC4D3C45CC7 /* GameState.swift in Sources */ = {isa = PBXBuildFile; fileRef = E49D682742CCCA326138BD9D /* GameState.swift */; };
		1DC34596B77CBDD45253C0AA /* GameReportView.swift in Sources */ = {isa = PBXBuildFile; fileRef = 430D01A5A4310F0BF66B4BDC /* GameReportView.swift */; };
		20873234D9580ED11E906771 /* ContentView.swift in Sources */ = {isa = PBXBuildFile; fileRef = 0DA30FD7AE96E1563818BCD3 /* ContentView.swift */; };
		2FF161EF5EF3648F377FD0E0 /* Minotaur_sUITestsLaunchTests.swift in Sources */ = {isa = PBXBuildFile; fileRef = 0A83EA9C5E3F0ACD9B240A91 /* Minotaur_sUITestsLaunchTests.swift */; };
		40BF5F6F180E9F12F923B802 /* Minotaur_sUITests.swift in Sources */ = {isa = PBXBuildFile; fileRef = 7F87DCE3DDD718A66DBE0185 /* Minotaur_sUITests.swift */; };
		6386AC99785A76FAD6DB3C5F /* GameView.swift in Sources */ = {isa = PBXBuildFile; fileRef = F7C71714F7AD76C70DE31F51 /* GameView.swift */; };
		6B7CE0B7BA860A062CB507D2 /* Assets.xcassets in Resources */ = {isa = PBXBuildFile; fileRef = 803F9AED4600A8448D843247 /* Assets.xcassets */; };
		7EB9C180B593FC5660860742 /* Fact.swift in Sources */ = {isa = PBXBuildFile; fileRef = 744B66E6F7060B811017DD2F /* Fact.swift */; };
		8FB0BBA66BB61E7989002503 /* AppNameApp.swift in Sources */ = {isa = PBXBuildFile; fileRef = 05E7E41FCBC76A9D4FC737D5 /* AppNameApp.swift */; };
		911AD7D23044E0C773BAE61B /* Minotaur_sApp.swift in Sources */ = {isa = PBXBuildFile; fileRef = BB1A84B83C662BF6DDAF2399 /* Minotaur_sApp.swift */; };
		9319A2A6A55A4C57B4B73FE4 /* FactLoader.swift in Sources */ = {isa = PBXBuildFile; fileRef = B1D3905E980A405A1F61641C /* FactLoader.swift */; };
		948B8FA52CDAFE3C0C0D6041 /* Minotaur_sTests.swift in Sources */ = {isa = PBXBuildFile; fileRef = F643C8965D55192F706B6420 /* Minotaur_sTests.swift */; };
/* End PBXBuildFile section */

/* Begin PBXContainerItemProxy section */
		A996723B8A2C39EC0DEAEF12 /* PBXContainerItemProxy */ = {
			isa = PBXContainerItemProxy;
			containerPortal = AFE26FB2410B1E147BA9D36A /* Project object */;
			proxyType = 1;
			remoteGlobalIDString = EBECEBA5C8E08608C34EC3A7;
			remoteInfo = "Minotaur-s";
		};
		FF6FDAF5B3D4271F23A8F13B /* PBXContainerItemProxy */ = {
			isa = PBXContainerItemProxy;
			containerPortal = AFE26FB2410B1E147BA9D36A /* Project object */;
			proxyType = 1;
			remoteGlobalIDString = EBECEBA5C8E08608C34EC3A7;
			remoteInfo = "Minotaur-s";
		};
/* End PBXContainerItemProxy section */

/* Begin PBXFileReference section */
		0017FE972E5BE28C00DF2FC5 /* GamePersistence.swift */ = {isa = PBXFileReference; lastKnownFileType = sourcecode.swift; path = GamePersistence.swift; sourceTree = "<group>"; };
		0017FE992E5C84BE00DF2FC5 /* BancoDeDados.tsv */ = {isa = PBXFileReference; lastKnownFileType = text; path = BancoDeDados.tsv; sourceTree = "<group>"; };
		05E7E41FCBC76A9D4FC737D5 /* AppNameApp.swift */ = {isa = PBXFileReference; lastKnownFileType = sourcecode.swift; path = AppNameApp.swift; sourceTree = "<group>"; };
		0A83EA9C5E3F0ACD9B240A91 /* Minotaur_sUITestsLaunchTests.swift */ = {isa = PBXFileReference; lastKnownFileType = sourcecode.swift; path = Minotaur_sUITestsLaunchTests.swift; sourceTree = "<group>"; };
		0DA30FD7AE96E1563818BCD3 /* ContentView.swift */ = {isa = PBXFileReference; lastKnownFileType = sourcecode.swift; path = ContentView.swift; sourceTree = "<group>"; };
		430D01A5A4310F0BF66B4BDC /* GameReportView.swift */ = {isa = PBXFileReference; lastKnownFileType = sourcecode.swift; path = GameReportView.swift; sourceTree = "<group>"; };
		744B66E6F7060B811017DD2F /* Fact.swift */ = {isa = PBXFileReference; lastKnownFileType = sourcecode.swift; path = Fact.swift; sourceTree = "<group>"; };
		7CA9113A9946C3F11CBF7A15 /* Minotaur-sUITests.xctest */ = {isa = PBXFileReference; includeInIndex = 0; lastKnownFileType = wrapper.cfbundle; path = "Minotaur-sUITests.xctest"; sourceTree = BUILT_PRODUCTS_DIR; };
		7F87DCE3DDD718A66DBE0185 /* Minotaur_sUITests.swift */ = {isa = PBXFileReference; lastKnownFileType = sourcecode.swift; path = Minotaur_sUITests.swift; sourceTree = "<group>"; };
		803F9AED4600A8448D843247 /* Assets.xcassets */ = {isa = PBXFileReference; lastKnownFileType = folder.assetcatalog; path = Assets.xcassets; sourceTree = "<group>"; };
		8295FC063DF268891CDC90CE /* Minotaur-sTests.xctest */ = {isa = PBXFileReference; includeInIndex = 0; lastKnownFileType = wrapper.cfbundle; path = "Minotaur-sTests.xctest"; sourceTree = BUILT_PRODUCTS_DIR; };
		B1D3905E980A405A1F61641C /* FactLoader.swift */ = {isa = PBXFileReference; lastKnownFileType = sourcecode.swift; path = FactLoader.swift; sourceTree = "<group>"; };
		BB1A84B83C662BF6DDAF2399 /* Minotaur_sApp.swift */ = {isa = PBXFileReference; lastKnownFileType = sourcecode.swift; path = Minotaur_sApp.swift; sourceTree = "<group>"; };
		E49D682742CCCA326138BD9D /* GameState.swift */ = {isa = PBXFileReference; lastKnownFileType = sourcecode.swift; path = GameState.swift; sourceTree = "<group>"; };
		ED4FB523FCF52ADD863FE07A /* Minotaur-s.app */ = {isa = PBXFileReference; includeInIndex = 0; lastKnownFileType = wrapper.application; path = "Minotaur-s.app"; sourceTree = BUILT_PRODUCTS_DIR; };
		F643C8965D55192F706B6420 /* Minotaur_sTests.swift */ = {isa = PBXFileReference; lastKnownFileType = sourcecode.swift; path = Minotaur_sTests.swift; sourceTree = "<group>"; };
		F7C71714F7AD76C70DE31F51 /* GameView.swift */ = {isa = PBXFileReference; lastKnownFileType = sourcecode.swift; path = GameView.swift; sourceTree = "<group>"; };
/* End PBXFileReference section */

/* Begin PBXGroup section */
		0017FE942E5BE25600DF2FC5 /* Models */ = {
			isa = PBXGroup;
			children = (
				E49D682742CCCA326138BD9D /* GameState.swift */,
				744B66E6F7060B811017DD2F /* Fact.swift */,
			);
			path = Models;
			sourceTree = "<group>";
		};
		0017FE952E5BE26100DF2FC5 /* Services */ = {
			isa = PBXGroup;
			children = (
				0017FE992E5C84BE00DF2FC5 /* BancoDeDados.tsv */,
				0017FE972E5BE28C00DF2FC5 /* GamePersistence.swift */,
				B1D3905E980A405A1F61641C /* FactLoader.swift */,
			);
			path = Services;
			sourceTree = "<group>";
		};
		0017FE962E5BE26B00DF2FC5 /* Views */ = {
			isa = PBXGroup;
			children = (
				0DA30FD7AE96E1563818BCD3 /* ContentView.swift */,
				430D01A5A4310F0BF66B4BDC /* GameReportView.swift */,
				F7C71714F7AD76C70DE31F51 /* GameView.swift */,
			);
			path = Views;
			sourceTree = "<group>";
		};
		15B32B4BAFF6FE65C51A9ADC /* Minotaur-sTests */ = {
			isa = PBXGroup;
			children = (
				F643C8965D55192F706B6420 /* Minotaur_sTests.swift */,
			);
			path = "Minotaur-sTests";
			sourceTree = "<group>";
		};
		A88232B0AD47B35858B6E851 = {
			isa = PBXGroup;
			children = (
				C11268176EFDA6AFC93D4DE5 /* Minotaur-s */,
				15B32B4BAFF6FE65C51A9ADC /* Minotaur-sTests */,
				EC1DE4C96DC5210A68C4BEA1 /* Minotaur-sUITests */,
				E9F57EE700D1263C2DA96BA8 /* Products */,
			);
			sourceTree = "<group>";
		};
		C11268176EFDA6AFC93D4DE5 /* Minotaur-s */ = {
			isa = PBXGroup;
			children = (
				0017FE962E5BE26B00DF2FC5 /* Views */,
				0017FE952E5BE26100DF2FC5 /* Services */,
				0017FE942E5BE25600DF2FC5 /* Models */,
				05E7E41FCBC76A9D4FC737D5 /* AppNameApp.swift */,
				803F9AED4600A8448D843247 /* Assets.xcassets */,
				BB1A84B83C662BF6DDAF2399 /* Minotaur_sApp.swift */,
			);
			path = "Minotaur-s";
			sourceTree = "<group>";
		};
		E9F57EE700D1263C2DA96BA8 /* Products */ = {
			isa = PBXGroup;
			children = (
				ED4FB523FCF52ADD863FE07A /* Minotaur-s.app */,
				8295FC063DF268891CDC90CE /* Minotaur-sTests.xctest */,
				7CA9113A9946C3F11CBF7A15 /* Minotaur-sUITests.xctest */,
			);
			name = Products;
			sourceTree = "<group>";
		};
		EC1DE4C96DC5210A68C4BEA1 /* Minotaur-sUITests */ = {
			isa = PBXGroup;
			children = (
				7F87DCE3DDD718A66DBE0185 /* Minotaur_sUITests.swift */,
				0A83EA9C5E3F0ACD9B240A91 /* Minotaur_sUITestsLaunchTests.swift */,
			);
			path = "Minotaur-sUITests";
			sourceTree = "<group>";
		};
/* End PBXGroup section */

/* Begin PBXNativeTarget section */
		2671FB1DFC1F46D51C7CDCBA /* Minotaur-sTests */ = {
			isa = PBXNativeTarget;
			buildConfigurationList = 17D8A36D7010D120B53F5AA5 /* Build configuration list for PBXNativeTarget "Minotaur-sTests" */;
			buildPhases = (
				78AC142F3CA6AC91FAC63FD2 /* Sources */,
			);
			buildRules = (
			);
			dependencies = (
				F7958A7F9A091A901BD3FBE4 /* PBXTargetDependency */,
			);
			name = "Minotaur-sTests";
			packageProductDependencies = (
			);
			productName = "Minotaur-sTests";
			productReference = 8295FC063DF268891CDC90CE /* Minotaur-sTests.xctest */;
			productType = "com.apple.product-type.bundle.unit-test";
		};
		AF41407F6C2AE134FDA2EFE6 /* Minotaur-sUITests */ = {
			isa = PBXNativeTarget;
			buildConfigurationList = FAF2899B0B785E2B79F0D521 /* Build configuration list for PBXNativeTarget "Minotaur-sUITests" */;
			buildPhases = (
				8BA863210D96F8CF38955C95 /* Sources */,
			);
			buildRules = (
			);
			dependencies = (
				05E1F1509F2150A5F1F6490D /* PBXTargetDependency */,
			);
			name = "Minotaur-sUITests";
			packageProductDependencies = (
			);
			productName = "Minotaur-sUITests";
			productReference = 7CA9113A9946C3F11CBF7A15 /* Minotaur-sUITests.xctest */;
			productType = "com.apple.product-type.bundle.ui-testing";
		};
		EBECEBA5C8E08608C34EC3A7 /* Minotaur-s */ = {
			isa = PBXNativeTarget;
			buildConfigurationList = 35E24FBD065004614C04F21E /* Build configuration list for PBXNativeTarget "Minotaur-s" */;
			buildPhases = (
				34535AE799958938CFB251A6 /* Sources */,
				ECB3BB9297AC8B912A5658A2 /* Resources */,
			);
			buildRules = (
			);
			dependencies = (
			);
			name = "Minotaur-s";
			packageProductDependencies = (
			);
			productName = "Minotaur-s";
			productReference = ED4FB523FCF52ADD863FE07A /* Minotaur-s.app */;
			productType = "com.apple.product-type.application";
		};
/* End PBXNativeTarget section */

/* Begin PBXProject section */
		AFE26FB2410B1E147BA9D36A /* Project object */ = {
			isa = PBXProject;
			attributes = {
				BuildIndependentTargetsInParallel = YES;
				LastUpgradeCheck = 1430;
				TargetAttributes = {
					AF41407F6C2AE134FDA2EFE6 = {
						TestTargetID = EBECEBA5C8E08608C34EC3A7;
					};
				};
			};
			buildConfigurationList = D835090DF2E050DF338CFC30 /* Build configuration list for PBXProject "Minotaur-s" */;
			compatibilityVersion = "Xcode 14.0";
			developmentRegion = en;
			hasScannedForEncodings = 0;
			knownRegions = (
				Base,
				en,
			);
			mainGroup = A88232B0AD47B35858B6E851;
			minimizedProjectReferenceProxies = 1;
			projectDirPath = "";
			projectRoot = "";
			targets = (
				EBECEBA5C8E08608C34EC3A7 /* Minotaur-s */,
				2671FB1DFC1F46D51C7CDCBA /* Minotaur-sTests */,
				AF41407F6C2AE134FDA2EFE6 /* Minotaur-sUITests */,
			);
		};
/* End PBXProject section */

/* Begin PBXResourcesBuildPhase section */
		ECB3BB9297AC8B912A5658A2 /* Resources */ = {
			isa = PBXResourcesBuildPhase;
			buildActionMask = 2147483647;
			files = (
				6B7CE0B7BA860A062CB507D2 /* Assets.xcassets in Resources */,
				0017FE9A2E5C84BE00DF2FC5 /* BancoDeDados.tsv in Resources */,
			);
			runOnlyForDeploymentPostprocessing = 0;
		};
/* End PBXResourcesBuildPhase section */

/* Begin PBXSourcesBuildPhase section */
		34535AE799958938CFB251A6 /* Sources */ = {
			isa = PBXSourcesBuildPhase;
			buildActionMask = 2147483647;
			files = (
				8FB0BBA66BB61E7989002503 /* AppNameApp.swift in Sources */,
				20873234D9580ED11E906771 /* ContentView.swift in Sources */,
				7EB9C180B593FC5660860742 /* Fact.swift in Sources */,
				9319A2A6A55A4C57B4B73FE4 /* FactLoader.swift in Sources */,
				1DC34596B77CBDD45253C0AA /* GameReportView.swift in Sources */,
				1647A94E9B772EC4D3C45CC7 /* GameState.swift in Sources */,
				0017FE982E5BE29600DF2FC5 /* GamePersistence.swift in Sources */,
				6386AC99785A76FAD6DB3C5F /* GameView.swift in Sources */,
				911AD7D23044E0C773BAE61B /* Minotaur_sApp.swift in Sources */,
			);
			runOnlyForDeploymentPostprocessing = 0;
		};
		78AC142F3CA6AC91FAC63FD2 /* Sources */ = {
			isa = PBXSourcesBuildPhase;
			buildActionMask = 2147483647;
			files = (
				948B8FA52CDAFE3C0C0D6041 /* Minotaur_sTests.swift in Sources */,
			);
			runOnlyForDeploymentPostprocessing = 0;
		};
		8BA863210D96F8CF38955C95 /* Sources */ = {
			isa = PBXSourcesBuildPhase;
			buildActionMask = 2147483647;
			files = (
				40BF5F6F180E9F12F923B802 /* Minotaur_sUITests.swift in Sources */,
				2FF161EF5EF3648F377FD0E0 /* Minotaur_sUITestsLaunchTests.swift in Sources */,
			);
			runOnlyForDeploymentPostprocessing = 0;
		};
/* End PBXSourcesBuildPhase section */

/* Begin PBXTargetDependency section */
		05E1F1509F2150A5F1F6490D /* PBXTargetDependency */ = {
			isa = PBXTargetDependency;
			target = EBECEBA5C8E08608C34EC3A7 /* Minotaur-s */;
			targetProxy = FF6FDAF5B3D4271F23A8F13B /* PBXContainerItemProxy */;
		};
		F7958A7F9A091A901BD3FBE4 /* PBXTargetDependency */ = {
			isa = PBXTargetDependency;
			target = EBECEBA5C8E08608C34EC3A7 /* Minotaur-s */;
			targetProxy = A996723B8A2C39EC0DEAEF12 /* PBXContainerItemProxy */;
		};
/* End PBXTargetDependency section */

/* Begin XCBuildConfiguration section */
		3C1D6AA272E07FFEB64EEE6E /* Debug */ = {
			isa = XCBuildConfiguration;
			buildSettings = {
				BUNDLE_LOADER = "$(TEST_HOST)";
				GENERATE_INFOPLIST_FILE = YES;
				LD_RUNPATH_SEARCH_PATHS = (
					"$(inherited)",
					"@executable_path/Frameworks",
					"@loader_path/Frameworks",
				);
				PRODUCT_BUNDLE_IDENTIFIER = "gabriellasmt-gmail.com.Minotaur-sTests";
				SDKROOT = iphoneos;
				SWIFT_VERSION = 5.0;
				TARGETED_DEVICE_FAMILY = "1,2";
				TEST_HOST = "$(BUILT_PRODUCTS_DIR)/Minotaur-s.app/Minotaur-s";
			};
			name = Debug;
		};
		4B7EB4565A78B4EFCB59C627 /* Debug */ = {
			isa = XCBuildConfiguration;
			buildSettings = {
				ALWAYS_SEARCH_USER_PATHS = NO;
				CLANG_ANALYZER_NONNULL = YES;
				CLANG_ANALYZER_NUMBER_OBJECT_CONVERSION = YES_AGGRESSIVE;
				CLANG_CXX_LANGUAGE_STANDARD = "gnu++14";
				CLANG_CXX_LIBRARY = "libc++";
				CLANG_ENABLE_MODULES = YES;
				CLANG_ENABLE_OBJC_ARC = YES;
				CLANG_ENABLE_OBJC_WEAK = YES;
				CLANG_WARN_BLOCK_CAPTURE_AUTORELEASING = YES;
				CLANG_WARN_BOOL_CONVERSION = YES;
				CLANG_WARN_COMMA = YES;
				CLANG_WARN_CONSTANT_CONVERSION = YES;
				CLANG_WARN_DEPRECATED_OBJC_IMPLEMENTATIONS = YES;
				CLANG_WARN_DIRECT_OBJC_ISA_USAGE = YES_ERROR;
				CLANG_WARN_DOCUMENTATION_COMMENTS = YES;
				CLANG_WARN_EMPTY_BODY = YES;
				CLANG_WARN_ENUM_CONVERSION = YES;
				CLANG_WARN_INFINITE_RECURSION = YES;
				CLANG_WARN_INT_CONVERSION = YES;
				CLANG_WARN_NON_LITERAL_NULL_CONVERSION = YES;
				CLANG_WARN_OBJC_IMPLICIT_RETAIN_SELF = YES;
				CLANG_WARN_OBJC_LITERAL_CONVERSION = YES;
				CLANG_WARN_OBJC_ROOT_CLASS = YES_ERROR;
				CLANG_WARN_QUOTED_INCLUDE_IN_FRAMEWORK_HEADER = YES;
				CLANG_WARN_RANGE_LOOP_ANALYSIS = YES;
				CLANG_WARN_STRICT_PROTOTYPES = YES;
				CLANG_WARN_SUSPICIOUS_MOVE = YES;
				CLANG_WARN_UNGUARDED_AVAILABILITY = YES_AGGRESSIVE;
				CLANG_WARN_UNREACHABLE_CODE = YES;
				CLANG_WARN__DUPLICATE_METHOD_MATCH = YES;
				COPY_PHASE_STRIP = NO;
				DEBUG_INFORMATION_FORMAT = dwarf;
				ENABLE_STRICT_OBJC_MSGSEND = YES;
				ENABLE_TESTABILITY = YES;
				GCC_C_LANGUAGE_STANDARD = gnu11;
				GCC_DYNAMIC_NO_PIC = NO;
				GCC_NO_COMMON_BLOCKS = YES;
				GCC_OPTIMIZATION_LEVEL = 0;
				GCC_PREPROCESSOR_DEFINITIONS = (
					"$(inherited)",
					"DEBUG=1",
				);
				GCC_WARN_64_TO_32_BIT_CONVERSION = YES;
				GCC_WARN_ABOUT_RETURN_TYPE = YES_ERROR;
				GCC_WARN_UNDECLARED_SELECTOR = YES;
				GCC_WARN_UNINITIALIZED_AUTOS = YES_AGGRESSIVE;
				GCC_WARN_UNUSED_FUNCTION = YES;
				GCC_WARN_UNUSED_VARIABLE = YES;
				MTL_ENABLE_DEBUG_INFO = INCLUDE_SOURCE;
				MTL_FAST_MATH = YES;
				ONLY_ACTIVE_ARCH = YES;
				PRODUCT_NAME = "$(TARGET_NAME)";
				SDKROOT = iphoneos;
				SWIFT_ACTIVE_COMPILATION_CONDITIONS = DEBUG;
				SWIFT_OPTIMIZATION_LEVEL = "-Onone";
				SWIFT_VERSION = 5.0;
			};
			name = Debug;
		};
		64B4A25D0971F8A8004CD859 /* Release */ = {
			isa = XCBuildConfiguration;
			buildSettings = {
				BUNDLE_LOADER = "$(TEST_HOST)";
				GENERATE_INFOPLIST_FILE = YES;
				LD_RUNPATH_SEARCH_PATHS = (
					"$(inherited)",
					"@executable_path/Frameworks",
					"@loader_path/Frameworks",
				);
				PRODUCT_BUNDLE_IDENTIFIER = "gabriellasmt-gmail.com.Minotaur-sTests";
				SDKROOT = iphoneos;
				SWIFT_VERSION = 5.0;
				TARGETED_DEVICE_FAMILY = "1,2";
				TEST_HOST = "$(BUILT_PRODUCTS_DIR)/Minotaur-s.app/Minotaur-s";
			};
			name = Release;
		};
		93F38D43F0C9ADEBBF0E146C /* Debug */ = {
			isa = XCBuildConfiguration;
			buildSettings = {
				ASSETCATALOG_COMPILER_APPICON_NAME = AppIcon;
				CODE_SIGN_IDENTITY = "iPhone Developer";
				CURRENT_PROJECT_VERSION = 1;
				GENERATE_INFOPLIST_FILE = YES;
				INFOPLIST_KEY_UILaunchScreen_Generation = YES;
				LD_RUNPATH_SEARCH_PATHS = (
					"$(inherited)",
					"@executable_path/Frameworks",
				);
				MARKETING_VERSION = 1.0;
				PRODUCT_BUNDLE_IDENTIFIER = "gabriellasmt-gmail.com.Minotaur-s";
				SDKROOT = iphoneos;
				SWIFT_VERSION = 5.0;
				TARGETED_DEVICE_FAMILY = "1,2";
			};
			name = Debug;
		};
		A0822EACE49A818F3ECC03FD /* Release */ = {
			isa = XCBuildConfiguration;
			buildSettings = {
				ALWAYS_SEARCH_USER_PATHS = NO;
				CLANG_ANALYZER_NONNULL = YES;
				CLANG_ANALYZER_NUMBER_OBJECT_CONVERSION = YES_AGGRESSIVE;
				CLANG_CXX_LANGUAGE_STANDARD = "gnu++14";
				CLANG_CXX_LIBRARY = "libc++";
				CLANG_ENABLE_MODULES = YES;
				CLANG_ENABLE_OBJC_ARC = YES;
				CLANG_ENABLE_OBJC_WEAK = YES;
				CLANG_WARN_BLOCK_CAPTURE_AUTORELEASING = YES;
				CLANG_WARN_BOOL_CONVERSION = YES;
				CLANG_WARN_COMMA = YES;
				CLANG_WARN_CONSTANT_CONVERSION = YES;
				CLANG_WARN_DEPRECATED_OBJC_IMPLEMENTATIONS = YES;
				CLANG_WARN_DIRECT_OBJC_ISA_USAGE = YES_ERROR;
				CLANG_WARN_DOCUMENTATION_COMMENTS = YES;
				CLANG_WARN_EMPTY_BODY = YES;
				CLANG_WARN_ENUM_CONVERSION = YES;
				CLANG_WARN_INFINITE_RECURSION = YES;
				CLANG_WARN_INT_CONVERSION = YES;
				CLANG_WARN_NON_LITERAL_NULL_CONVERSION = YES;
				CLANG_WARN_OBJC_IMPLICIT_RETAIN_SELF = YES;
				CLANG_WARN_OBJC_LITERAL_CONVERSION = YES;
				CLANG_WARN_OBJC_ROOT_CLASS = YES_ERROR;
				CLANG_WARN_QUOTED_INCLUDE_IN_FRAMEWORK_HEADER = YES;
				CLANG_WARN_RANGE_LOOP_ANALYSIS = YES;
				CLANG_WARN_STRICT_PROTOTYPES = YES;
				CLANG_WARN_SUSPICIOUS_MOVE = YES;
				CLANG_WARN_UNGUARDED_AVAILABILITY = YES_AGGRESSIVE;
				CLANG_WARN_UNREACHABLE_CODE = YES;
				CLANG_WARN__DUPLICATE_METHOD_MATCH = YES;
				COPY_PHASE_STRIP = NO;
				DEBUG_INFORMATION_FORMAT = "dwarf-with-dsym";
				ENABLE_NS_ASSERTIONS = NO;
				ENABLE_STRICT_OBJC_MSGSEND = YES;
				GCC_C_LANGUAGE_STANDARD = gnu11;
				GCC_NO_COMMON_BLOCKS = YES;
				GCC_WARN_64_TO_32_BIT_CONVERSION = YES;
				GCC_WARN_ABOUT_RETURN_TYPE = YES_ERROR;
				GCC_WARN_UNDECLARED_SELECTOR = YES;
				GCC_WARN_UNINITIALIZED_AUTOS = YES_AGGRESSIVE;
				GCC_WARN_UNUSED_FUNCTION = YES;
				GCC_WARN_UNUSED_VARIABLE = YES;
				MTL_ENABLE_DEBUG_INFO = NO;
				MTL_FAST_MATH = YES;
				PRODUCT_NAME = "$(TARGET_NAME)";
				SDKROOT = iphoneos;
				SWIFT_COMPILATION_MODE = wholemodule;
				SWIFT_OPTIMIZATION_LEVEL = "-O";
				SWIFT_VERSION = 5.0;
			};
			name = Release;
		};
		B091C3422355BD46F6CB9CD0 /* Release */ = {
			isa = XCBuildConfiguration;
			buildSettings = {
				ASSETCATALOG_COMPILER_APPICON_NAME = AppIcon;
				CODE_SIGN_IDENTITY = "iPhone Developer";
				CURRENT_PROJECT_VERSION = 1;
				GENERATE_INFOPLIST_FILE = YES;
				INFOPLIST_KEY_UILaunchScreen_Generation = YES;
				LD_RUNPATH_SEARCH_PATHS = (
					"$(inherited)",
					"@executable_path/Frameworks",
				);
				MARKETING_VERSION = 1.0;
				PRODUCT_BUNDLE_IDENTIFIER = "gabriellasmt-gmail.com.Minotaur-s";
				SDKROOT = iphoneos;
				SWIFT_VERSION = 5.0;
				TARGETED_DEVICE_FAMILY = "1,2";
			};
			name = Release;
		};
		F3BB196BBE3B63280A912417 /* Release */ = {
			isa = XCBuildConfiguration;
			buildSettings = {
				BUNDLE_LOADER = "$(TEST_HOST)";
				GENERATE_INFOPLIST_FILE = YES;
				LD_RUNPATH_SEARCH_PATHS = (
					"$(inherited)",
					"@executable_path/Frameworks",
					"@loader_path/Frameworks",
				);
				PRODUCT_BUNDLE_IDENTIFIER = "gabriellasmt-gmail.com.Minotaur-sUITests";
				SDKROOT = iphoneos;
				SWIFT_VERSION = 5.0;
				TARGETED_DEVICE_FAMILY = "1,2";
				TEST_TARGET_NAME = "Minotaur-s";
			};
			name = Release;
		};
		F8C69FF134723F0AC9B3C1CA /* Debug */ = {
			isa = XCBuildConfiguration;
			buildSettings = {
				BUNDLE_LOADER = "$(TEST_HOST)";
				GENERATE_INFOPLIST_FILE = YES;
				LD_RUNPATH_SEARCH_PATHS = (
					"$(inherited)",
					"@executable_path/Frameworks",
					"@loader_path/Frameworks",
				);
				PRODUCT_BUNDLE_IDENTIFIER = "gabriellasmt-gmail.com.Minotaur-sUITests";
				SDKROOT = iphoneos;
				SWIFT_VERSION = 5.0;
				TARGETED_DEVICE_FAMILY = "1,2";
				TEST_TARGET_NAME = "Minotaur-s";
			};
			name = Debug;
		};
/* End XCBuildConfiguration section */

/* Begin XCConfigurationList section */
		17D8A36D7010D120B53F5AA5 /* Build configuration list for PBXNativeTarget "Minotaur-sTests" */ = {
			isa = XCConfigurationList;
			buildConfigurations = (
				3C1D6AA272E07FFEB64EEE6E /* Debug */,
				64B4A25D0971F8A8004CD859 /* Release */,
			);
			defaultConfigurationIsVisible = 0;
			defaultConfigurationName = Debug;
		};
		35E24FBD065004614C04F21E /* Build configuration list for PBXNativeTarget "Minotaur-s" */ = {
			isa = XCConfigurationList;
			buildConfigurations = (
				93F38D43F0C9ADEBBF0E146C /* Debug */,
				B091C3422355BD46F6CB9CD0 /* Release */,
			);
			defaultConfigurationIsVisible = 0;
			defaultConfigurationName = Debug;
		};
		D835090DF2E050DF338CFC30 /* Build configuration list for PBXProject "Minotaur-s" */ = {
			isa = XCConfigurationList;
			buildConfigurations = (
				4B7EB4565A78B4EFCB59C627 /* Debug */,
				A0822EACE49A818F3ECC03FD /* Release */,
			);
			defaultConfigurationIsVisible = 0;
			defaultConfigurationName = Debug;
		};
		FAF2899B0B785E2B79F0D521 /* Build configuration list for PBXNativeTarget "Minotaur-sUITests" */ = {
			isa = XCConfigurationList;
			buildConfigurations = (
				F8C69FF134723F0AC9B3C1CA /* Debug */,
				F3BB196BBE3B63280A912417 /* Release */,
			);
			defaultConfigurationIsVisible = 0;
			defaultConfigurationName = Debug;
		};
/* End XCConfigurationList section */
	};
	rootObject = AFE26FB2410B1E147BA9D36A /* Project object */;
}
